
Microsoft Visual Studio Solution File, Format Version 12.00
# Visual Studio 15
VisualStudioVersion = 15.0.28307.329
MinimumVisualStudioVersion = 10.0.40219.1
Project("{FAE04EC0-301F-11D3-BF4B-00C04F79EFBC}") = "BIM360IssueDashboard", "BIM360IssueDashboard\BIM360IssueDashboard.csproj", "{98FA0BA2-77FC-4FA3-A1C4-214FB127B404}"
EndProject
Global
	GlobalSection(SolutionConfigurationPlatforms) = preSolution
		Debug|Any CPU = Debug|Any CPU
		Release|Any CPU = Release|Any CPU
	EndGlobalSection
	GlobalSection(ProjectConfigurationPlatforms) = postSolution
		{98FA0BA2-77FC-4FA3-A1C4-214FB127B404}.Debug|Any CPU.ActiveCfg = Debug|Any CPU
		{98FA0BA2-77FC-4FA3-A1C4-214FB127B404}.Debug|Any CPU.Build.0 = Debug|Any CPU
		{98FA0BA2-77FC-4FA3-A1C4-214FB127B404}.Release|Any CPU.ActiveCfg = Release|Any CPU
		{98FA0BA2-77FC-4FA3-A1C4-214FB127B404}.Release|Any CPU.Build.0 = Release|Any CPU
	EndGlobalSection
	GlobalSection(SolutionProperties) = preSolution
		HideSolutionNode = FALSE
	EndGlobalSection
	GlobalSection(ExtensibilityGlobals) = postSolution
		SolutionGuid = {9ACB63C1-F81B-4353-ACA7-EBAC3C91367B}
	EndGlobalSection
EndGlobal
